
Microsoft Visual Studio Solution File, Format Version 12.00
# Visual Studio 14
VisualStudioVersion = 14.0.25420.1
MinimumVisualStudioVersion = 10.0.40219.1
Project("{2150E333-8FDC-42A3-9474-1A3956D46DE8}") = "src", "src", "{B6AD10DA-63CB-449A-AF69-401F558D23CC}"
EndProject
Project("{2150E333-8FDC-42A3-9474-1A3956D46DE8}") = "Solution Items", "Solution Items", "{9C55B1C8-F7A6-4F3C-9E95-5BBEAEE23F00}"
	ProjectSection(SolutionItems) = preProject
		global.json = global.json
	EndProjectSection
EndProject
Project("{8BB2217D-0F2D-49D1-97BC-3654ED321F3B}") = "DatabaseSpeedTester", "src\DatabaseSpeedTester\DatabaseSpeedTester.xproj", "{268EAE13-51E7-44FC-B43F-ADF9C02504AA}"
EndProject
Global
	GlobalSection(SolutionConfigurationPlatforms) = preSolution
		Debug|Any CPU = Debug|Any CPU
		Release|Any CPU = Release|Any CPU
	EndGlobalSection
	GlobalSection(ProjectConfigurationPlatforms) = postSolution
		{268EAE13-51E7-44FC-B43F-ADF9C02504AA}.Debug|Any CPU.ActiveCfg = Debug|Any CPU
		{268EAE13-51E7-44FC-B43F-ADF9C02504AA}.Debug|Any CPU.Build.0 = Debug|Any CPU
		{268EAE13-51E7-44FC-B43F-ADF9C02504AA}.Release|Any CPU.ActiveCfg = Release|Any CPU
		{268EAE13-51E7-44FC-B43F-ADF9C02504AA}.Release|Any CPU.Build.0 = Release|Any CPU
	EndGlobalSection
	GlobalSection(SolutionProperties) = preSolution
		HideSolutionNode = FALSE
	EndGlobalSection
	GlobalSection(NestedProjects) = preSolution
		{268EAE13-51E7-44FC-B43F-ADF9C02504AA} = {B6AD10DA-63CB-449A-AF69-401F558D23CC}
	EndGlobalSection
EndGlobal
